{
  "name": "module-plugin",
  "version": "1.0.0",
  "lockfileVersion": 3,
  "requires": true,
  "packages": {
    "": {
      "name": "module-plugin",
      "version": "1.0.0",
      "license": "MIT",
      "devDependencies": {
        "module-plugin-dep": "../module-plugin-dep",
        "prettier": "2.0.2"
      }
    },
    "../module-plugin-dep": {
      "version": "1.0.0",
      "dev": true,
      "license": "MIT",
      "dependencies": {
        "@prettier/plugin-php": "0.17.6"
      }
    },
    "node_modules/module-plugin-dep": {
      "resolved": "../module-plugin-dep",
      "link": true
    },
    "node_modules/prettier": {
      "version": "2.0.2",
      "resolved": "https://registry.npmjs.org/prettier/-/prettier-2.0.2.tgz",
      "integrity": "sha512-5xJQIPT8BraI7ZnaDwSbu5zLrB6vvi8hVV58yHQ+QK64qrY40dULy0HSRlQ2/2IdzeBpjhDkqdcFBnFeDEMVdg==",
      "dev": true,
      "license": "MIT",
      "bin": {
        "prettier": "bin-prettier.js"
      },
      "engines": {
        "node": ">=10.13.0"
      }
    }
  }
}
