{
  "name": "testplugins",
  "version": "1.0.0",
  "lockfileVersion": 3,
  "requires": true,
  "packages": {
    "": {
      "name": "testplugins",
      "version": "1.0.0",
      "license": "MIT",
      "devDependencies": {
        "module-dep": "../module-dep"
      }
    },
    "../module-dep": {
      "version": "1.0.0",
      "dev": true,
      "license": "MIT",
      "dependencies": {
        "prettier": "2.0.2"
      }
    },
    "node_modules/module-dep": {
      "resolved": "../module-dep",
      "link": true
    }
  }
}
