{
  "name": "v3",
  "version": "1.0.0",
  "lockfileVersion": 3,
  "requires": true,
  "packages": {
    "": {
      "name": "v3",
      "version": "1.0.0",
      "license": "MIT",
      "devDependencies": {
        "prettier": "3.0.0-alpha.12"
      }
    },
    "node_modules/prettier": {
      "version": "3.0.0-alpha.12",
      "resolved": "https://registry.npmjs.org/prettier/-/prettier-3.0.0-alpha.12.tgz",
      "integrity": "sha512-QCCLoJ+ttw/DV6zLiHJDZdC7sZ23fk3gCulQmjU6AuA/Uk8o6qbzM4afyEDIM94xhj7MEGDtKYo+ZFpxwjmSEg==",
      "dev": true,
      "license": "MIT",
      "bin": {
        "prettier": "bin/prettier.cjs"
      },
      "engines": {
        "node": ">=14"
      },
      "funding": {
        "url": "https://github.com/prettier/prettier?sponsor=1"
      }
    }
  }
}
